{
  "nodes": {
    "darwin": {
      "inputs": {
        "nixpkgs": [
          "nixpkgs"
        ]
      },
      "locked": {
        "lastModified": 1622060422,
        "narHash": "sha256-hPVlvrAyf6zL7tTx0lpK+tMxEfZeMiIZ/A2xaJ41WOY=",
        "owner": "lnl7",
        "repo": "nix-darwin",
        "rev": "007d700e644ac588ad6668e6439950a5b6e2ff64",
        "type": "github"
      },
      "original": {
        "owner": "lnl7",
        "ref": "master",
        "repo": "nix-darwin",
        "type": "github"
      }
    },
    "dwm": {
      "inputs": {
        "nixpkgs": [
          "nixpkgs"
        ]
      },
      "locked": {
        "lastModified": 1622006788,
        "narHash": "sha256-wc1Fny6kZYSP3UcykXioLWLWPFF01m3RjERyRYNdJIA=",
        "owner": "jack-michaud",
        "repo": "dwm",
        "rev": "6fc6f920d87decb8073680074fdccdf0c455f259",
        "type": "github"
      },
      "original": {
        "owner": "jack-michaud",
        "repo": "dwm",
        "type": "github"
      }
    },
    "home-manager": {
      "inputs": {
        "nixpkgs": [
          "nixpkgs"
        ]
      },
      "locked": {
        "lastModified": 1622014903,
        "narHash": "sha256-tEXRBi5aMprNLbzMb6YmTy3cO9smvqC2udKyRo6rj2o=",
        "owner": "nix-community",
        "repo": "home-manager",
        "rev": "b840707a87f6a35a5c24ea6edf8846741d924616",
        "type": "github"
      },
      "original": {
        "owner": "nix-community",
        "repo": "home-manager",
        "type": "github"
      }
    },
    "nixpkgs": {
      "locked": {
        "lastModified": 1621840840,
        "narHash": "sha256-o6h6+d5ZwrFmOTe+ma9s1Z9kyHsCW1C84IA8RZ9/fIU=",
        "owner": "NixOS",
        "repo": "nixpkgs",
        "rev": "ea7d4aa9b8225abd6147339f0d56675d6f1f0fd1",
        "type": "github"
      },
      "original": {
        "owner": "NixOS",
        "ref": "nixos-unstable",
        "repo": "nixpkgs",
        "type": "github"
      }
    },
    "nixpkgs-git": {
      "locked": {
        "lastModified": 1622071332,
        "narHash": "sha256-qMB6q0Q/q7IWw3uzI08D3LH+nUMyVLOeN9In7OAZ4A4=",
        "owner": "NixOS",
        "repo": "nixpkgs",
        "rev": "023bd08672334149c5bb5123d030e87b6f1a9fbb",
        "type": "github"
      },
      "original": {
        "owner": "NixOS",
        "ref": "master",
        "repo": "nixpkgs",
        "type": "github"
      }
    },
    "root": {
      "inputs": {
        "darwin": "darwin",
        "dwm": "dwm",
        "home-manager": "home-manager",
        "nixpkgs": "nixpkgs",
        "nixpkgs-git": "nixpkgs-git"
      }
    }
  },
  "root": "root",
  "version": 7
}
