{
  "nodes": {
    "agent-harness": {
      "inputs": {
        "nixpkgs": [
          "nixpkgs"
        ]
      },
      "locked": {
        "lastModified": 1785430142,
        "narHash": "sha256-4w2ps7p6L8q7aM5jvMF8cUqEsBX+WuAjQtvVGHoie9k=",
        "ref": "refs/heads/main",
        "rev": "18abebd7e031ac1364bd78494359b187631ea2e9",
        "revCount": 116,
        "type": "git",
        "url": "ssh://git@github.com/jack-michaud/agent-harness"
      },
      "original": {
        "type": "git",
        "url": "ssh://git@github.com/jack-michaud/agent-harness"
      }
    },
    "brew-src": {
      "flake": false,
      "locked": {
        "lastModified": 1781226006,
        "narHash": "sha256-w4ZTuOnhYiDxjaynrMTASzp802QblBWmo3wpB8wVN4Y=",
        "owner": "Homebrew",
        "repo": "brew",
        "rev": "109191be4988470b51a60a5ef1998520aa24c01b",
        "type": "github"
      },
      "original": {
        "owner": "Homebrew",
        "ref": "6.0.1",
        "repo": "brew",
        "type": "github"
      }
    },
    "comment-trainer": {
      "flake": false,
      "locked": {
        "lastModified": 1784982024,
        "narHash": "sha256-lk8WaNqeVeQ9P3hxmh07Gce88Ec2B9FhenbRr/QFiFc=",
        "ref": "refs/heads/main",
        "rev": "17aaa43b8b21ca4f7c4140c44d4320003fcdf99c",
        "revCount": 39,
        "type": "git",
        "url": "ssh://git@github.com/jack-michaud/comment-trainer"
      },
      "original": {
        "type": "git",
        "url": "ssh://git@github.com/jack-michaud/comment-trainer"
      }
    },
    "herdr-plugin-jj-workspace": {
      "flake": false,
      "locked": {
        "lastModified": 1783487155,
        "narHash": "sha256-xspdQfcwTEdUwZ0nWAfrdvz5IBVNVyMkmpmpzkUl0LE=",
        "owner": "NathanFlurry",
        "repo": "herdr-plugin-jj-workspace",
        "rev": "a9f1d3bcdaa2354e336a5173da85cbe4970c0f2e",
        "type": "github"
      },
      "original": {
        "owner": "NathanFlurry",
        "repo": "herdr-plugin-jj-workspace",
        "type": "github"
      }
    },
    "home-manager": {
      "inputs": {
        "nixpkgs": [
          "nixpkgs"
        ]
      },
      "locked": {
        "lastModified": 1783458499,
        "narHash": "sha256-a8whUXG4ThsZNjL92cH4wbl+/dt8CbT/F0zJsfhzFbM=",
        "owner": "nix-community",
        "repo": "home-manager",
        "rev": "53ebbdc405acc04acd9bb73ccca462b51ddb8c6d",
        "type": "github"
      },
      "original": {
        "owner": "nix-community",
        "repo": "home-manager",
        "type": "github"
      }
    },
    "nix-darwin": {
      "inputs": {
        "nixpkgs": [
          "nixpkgs"
        ]
      },
      "locked": {
        "lastModified": 1783395956,
        "narHash": "sha256-AAbexQvDoK+6GFJdhY6kqjA+6ECKRkidgWxkn4gMwAA=",
        "owner": "nix-darwin",
        "repo": "nix-darwin",
        "rev": "d5bd9cd77aea4c0a8f49e7fd85545671a208ed15",
        "type": "github"
      },
      "original": {
        "owner": "nix-darwin",
        "ref": "master",
        "repo": "nix-darwin",
        "type": "github"
      }
    },
    "nix-homebrew": {
      "inputs": {
        "brew-src": "brew-src"
      },
      "locked": {
        "lastModified": 1781389246,
        "narHash": "sha256-ORqLAo/hoJdsZC7UPAuEHev6S0+XIqKEC7vjo5prz1k=",
        "owner": "zhaofengli",
        "repo": "nix-homebrew",
        "rev": "de7953a08ed4bb9245be043e468561c17b89130d",
        "type": "github"
      },
      "original": {
        "owner": "zhaofengli",
        "repo": "nix-homebrew",
        "type": "github"
      }
    },
    "nixpkgs": {
      "locked": {
        "lastModified": 1783279667,
        "narHash": "sha256-/NAkDSsve+GNM0Bt6tleJdCGfsTlK89nPjkVOzZMo0s=",
        "owner": "NixOS",
        "repo": "nixpkgs",
        "rev": "f205b5574fd0cb7da5b702a2da51507b7f4fdd1b",
        "type": "github"
      },
      "original": {
        "owner": "NixOS",
        "ref": "nixpkgs-unstable",
        "repo": "nixpkgs",
        "type": "github"
      }
    },
    "nixpkgs-git": {
      "locked": {
        "lastModified": 1785806058,
        "narHash": "sha256-AuLDvvbwThEeh/u4UmtPdjJ1xuVz6Q+0Lb2R5e/m/DY=",
        "owner": "NixOS",
        "repo": "nixpkgs",
        "rev": "1dc537354d23d2c18184e07a714fec58609eb5fa",
        "type": "github"
      },
      "original": {
        "owner": "NixOS",
        "ref": "master",
        "repo": "nixpkgs",
        "type": "github"
      }
    },
    "root": {
      "inputs": {
        "agent-harness": "agent-harness",
        "comment-trainer": "comment-trainer",
        "herdr-plugin-jj-workspace": "herdr-plugin-jj-workspace",
        "home-manager": "home-manager",
        "nix-darwin": "nix-darwin",
        "nix-homebrew": "nix-homebrew",
        "nixpkgs": "nixpkgs",
        "nixpkgs-git": "nixpkgs-git",
        "treehouse": "treehouse"
      }
    },
    "treehouse": {
      "inputs": {
        "nixpkgs": [
          "nixpkgs"
        ]
      },
      "locked": {
        "lastModified": 1787404973,
        "narHash": "sha256-8C6bg2jfqTSmI3N4tdzyIRuJKN12DA/SjcuL9hBPgEg=",
        "owner": "kunchenguid",
        "repo": "treehouse",
        "rev": "35b8a41d8b0f5cb10d46673441255086f45088bf",
        "type": "github"
      },
      "original": {
        "owner": "kunchenguid",
        "ref": "v2.3.0",
        "repo": "treehouse",
        "type": "github"
      }
    }
  },
  "root": "root",
  "version": 7
}
